// !$*UTF8*$!
{
	archiveVersion = 1;
	classes = {
	};
	objectVersion = 46;
	objects = {

/* Begin PBXBuildFile section */
		A9D1F2A01BCAECF40041E646 /* AppDelegate.swift in Sources */ = {isa = PBXBuildFile; fileRef = A9D1F29F1BCAECF40041E646 /* AppDelegate.swift */; };
		A9D1F2A21BCAECF40041E646 /* ViewController.swift in Sources */ = {isa = PBXBuildFile; fileRef = A9D1F2A11BCAECF40041E646 /* ViewController.swift */; };
		A9D1F2A51BCAECF40041E646 /* Main.storyboard in Resources */ = {isa = PBXBuildFile; fileRef = A9D1F2A31BCAECF40041E646 /* Main.storyboard */; };
		A9D1F2A71BCAECF40041E646 /* Assets.xcassets in Resources */ = {isa = PBXBuildFile; fileRef = A9D1F2A61BCAECF40041E646 /* Assets.xcassets */; };
		A9D1F2D21BCCE7470041E646 /* Register.swift in Sources */ = {isa = PBXBuildFile; fileRef = A9D1F2D11BCCE7470041E646 /* Register.swift */; settings = {ASSET_TAGS = (); }; };
		A9D1F2D41BCCE8010041E646 /* Login.swift in Sources */ = {isa = PBXBuildFile; fileRef = A9D1F2D31BCCE8010041E646 /* Login.swift */; settings = {ASSET_TAGS = (); }; };
		A9D1F2D61BCCEA1D0041E646 /* BorrowPage.swift in Sources */ = {isa = PBXBuildFile; fileRef = A9D1F2D51BCCEA1D0041E646 /* BorrowPage.swift */; settings = {ASSET_TAGS = (); }; };
		A9D1F2D81BCCEAF00041E646 /* LendPage.swift in Sources */ = {isa = PBXBuildFile; fileRef = A9D1F2D71BCCEAF00041E646 /* LendPage.swift */; settings = {ASSET_TAGS = (); }; };
		A9D1F2DA1BCCEBD20041E646 /* Summary.swift in Sources */ = {isa = PBXBuildFile; fileRef = A9D1F2D91BCCEBD20041E646 /* Summary.swift */; settings = {ASSET_TAGS = (); }; };
		CF9CB1681BCCC50D00C917A9 /* Oinoi_Tests.swift in Sources */ = {isa = PBXBuildFile; fileRef = CF9CB1671BCCC50D00C917A9 /* Oinoi_Tests.swift */; };
		CF9CB1721BCCC9D800C917A9 /* Bolts.framework in Frameworks */ = {isa = PBXBuildFile; fileRef = CF9CB16E1BCCC9D800C917A9 /* Bolts.framework */; };
		CF9CB1731BCCC9D800C917A9 /* Parse.framework in Frameworks */ = {isa = PBXBuildFile; fileRef = CF9CB16F1BCCC9D800C917A9 /* Parse.framework */; };
		CF9CB1781BCCD09500C917A9 /* libsqlite3.dylib in Frameworks */ = {isa = PBXBuildFile; fileRef = CF9CB1771BCCD09500C917A9 /* libsqlite3.dylib */; };
		CF9CB17B1BCCD0AA00C917A9 /* AudioToolbox.framework in Frameworks */ = {isa = PBXBuildFile; fileRef = CF9CB1791BCCD0AA00C917A9 /* AudioToolbox.framework */; };
		CF9CB17E1BCCD10900C917A9 /* Foundation.framework in Frameworks */ = {isa = PBXBuildFile; fileRef = CF9CB17D1BCCD10900C917A9 /* Foundation.framework */; };
		CF9CB1801BCCD11200C917A9 /* CFNetwork.framework in Frameworks */ = {isa = PBXBuildFile; fileRef = CF9CB17F1BCCD11200C917A9 /* CFNetwork.framework */; };
		CF9CB1821BCCD12A00C917A9 /* Security.framework in Frameworks */ = {isa = PBXBuildFile; fileRef = CF9CB1811BCCD12A00C917A9 /* Security.framework */; };
		CF9CB18A1BCCD18700C917A9 /* CoreGraphics.framework in Frameworks */ = {isa = PBXBuildFile; fileRef = CF9CB1831BCCD18600C917A9 /* CoreGraphics.framework */; };
		CF9CB18B1BCCD18700C917A9 /* CoreLocation.framework in Frameworks */ = {isa = PBXBuildFile; fileRef = CF9CB1841BCCD18600C917A9 /* CoreLocation.framework */; };
		CF9CB18C1BCCD18700C917A9 /* libz.1.1.3.dylib in Frameworks */ = {isa = PBXBuildFile; fileRef = CF9CB1851BCCD18600C917A9 /* libz.1.1.3.dylib */; };
		CF9CB18D1BCCD18700C917A9 /* MobileCoreServices.framework in Frameworks */ = {isa = PBXBuildFile; fileRef = CF9CB1861BCCD18700C917A9 /* MobileCoreServices.framework */; };
		CF9CB18E1BCCD18700C917A9 /* QuartzCore.framework in Frameworks */ = {isa = PBXBuildFile; fileRef = CF9CB1871BCCD18700C917A9 /* QuartzCore.framework */; };
		CF9CB18F1BCCD18700C917A9 /* StoreKit.framework in Frameworks */ = {isa = PBXBuildFile; fileRef = CF9CB1881BCCD18700C917A9 /* StoreKit.framework */; };
		CF9CB1901BCCD18700C917A9 /* SystemConfiguration.framework in Frameworks */ = {isa = PBXBuildFile; fileRef = CF9CB1891BCCD18700C917A9 /* SystemConfiguration.framework */; };
/* End PBXBuildFile section */

/* Begin PBXContainerItemProxy section */
		CF9CB1691BCCC50D00C917A9 /* PBXContainerItemProxy */ = {
			isa = PBXContainerItemProxy;
			containerPortal = A9D1F2941BCAECF40041E646 /* Project object */;
			proxyType = 1;
			remoteGlobalIDString = A9D1F29B1BCAECF40041E646;
			remoteInfo = Oinoi;
		};
/* End PBXContainerItemProxy section */

/* Begin PBXFileReference section */
		A9D1F29C1BCAECF40041E646 /* Oinoi.app */ = {isa = PBXFileReference; explicitFileType = wrapper.application; includeInIndex = 0; path = Oinoi.app; sourceTree = BUILT_PRODUCTS_DIR; };
		A9D1F29F1BCAECF40041E646 /* AppDelegate.swift */ = {isa = PBXFileReference; lastKnownFileType = sourcecode.swift; path = AppDelegate.swift; sourceTree = "<group>"; };
		A9D1F2A11BCAECF40041E646 /* ViewController.swift */ = {isa = PBXFileReference; lastKnownFileType = sourcecode.swift; path = ViewController.swift; sourceTree = "<group>"; };
		A9D1F2A41BCAECF40041E646 /* Base */ = {isa = PBXFileReference; lastKnownFileType = file.storyboard; name = Base; path = Base.lproj/Main.storyboard; sourceTree = "<group>"; };
		A9D1F2A61BCAECF40041E646 /* Assets.xcassets */ = {isa = PBXFileReference; lastKnownFileType = folder.assetcatalog; path = Assets.xcassets; sourceTree = "<group>"; };
		A9D1F2AB1BCAECF40041E646 /* Info.plist */ = {isa = PBXFileReference; lastKnownFileType = text.plist.xml; path = Info.plist; sourceTree = "<group>"; };
		A9D1F2B41BCAECF40041E646 /* OinoiTests.swift */ = {isa = PBXFileReference; lastKnownFileType = sourcecode.swift; path = OinoiTests.swift; sourceTree = "<group>"; };
		A9D1F2B61BCAECF40041E646 /* Info.plist */ = {isa = PBXFileReference; lastKnownFileType = text.plist.xml; path = Info.plist; sourceTree = "<group>"; };
		A9D1F2BF1BCAECF40041E646 /* OinoiUITests.swift */ = {isa = PBXFileReference; lastKnownFileType = sourcecode.swift; path = OinoiUITests.swift; sourceTree = "<group>"; };
		A9D1F2C11BCAECF40041E646 /* Info.plist */ = {isa = PBXFileReference; lastKnownFileType = text.plist.xml; path = Info.plist; sourceTree = "<group>"; };
		A9D1F2D11BCCE7470041E646 /* Register.swift */ = {isa = PBXFileReference; fileEncoding = 4; lastKnownFileType = sourcecode.swift; name = Register.swift; path = ../Register.swift; sourceTree = "<group>"; };
		A9D1F2D31BCCE8010041E646 /* Login.swift */ = {isa = PBXFileReference; fileEncoding = 4; lastKnownFileType = sourcecode.swift; path = Login.swift; sourceTree = "<group>"; };
		A9D1F2D51BCCEA1D0041E646 /* BorrowPage.swift */ = {isa = PBXFileReference; fileEncoding = 4; lastKnownFileType = sourcecode.swift; path = BorrowPage.swift; sourceTree = "<group>"; };
		A9D1F2D71BCCEAF00041E646 /* LendPage.swift */ = {isa = PBXFileReference; fileEncoding = 4; lastKnownFileType = sourcecode.swift; path = LendPage.swift; sourceTree = "<group>"; };
		A9D1F2D91BCCEBD20041E646 /* Summary.swift */ = {isa = PBXFileReference; fileEncoding = 4; lastKnownFileType = sourcecode.swift; path = Summary.swift; sourceTree = "<group>"; };
		CF9CB1631BCCC50D00C917A9 /* Oinoi Tests.xctest */ = {isa = PBXFileReference; explicitFileType = wrapper.cfbundle; includeInIndex = 0; path = "Oinoi Tests.xctest"; sourceTree = BUILT_PRODUCTS_DIR; };
		CF9CB1661BCCC50D00C917A9 /* Info.plist */ = {isa = PBXFileReference; lastKnownFileType = text.plist.xml; path = Info.plist; sourceTree = "<group>"; };
		CF9CB1671BCCC50D00C917A9 /* Oinoi_Tests.swift */ = {isa = PBXFileReference; lastKnownFileType = sourcecode.swift; path = Oinoi_Tests.swift; sourceTree = "<group>"; };
		CF9CB16E1BCCC9D800C917A9 /* Bolts.framework */ = {isa = PBXFileReference; lastKnownFileType = wrapper.framework; path = Bolts.framework; sourceTree = "<group>"; };
		CF9CB16F1BCCC9D800C917A9 /* Parse.framework */ = {isa = PBXFileReference; lastKnownFileType = wrapper.framework; path = Parse.framework; sourceTree = "<group>"; };
		CF9CB1771BCCD09500C917A9 /* libsqlite3.dylib */ = {isa = PBXFileReference; lastKnownFileType = "compiled.mach-o.dylib"; name = libsqlite3.dylib; path = usr/lib/libsqlite3.dylib; sourceTree = SDKROOT; };
		CF9CB1791BCCD0AA00C917A9 /* AudioToolbox.framework */ = {isa = PBXFileReference; lastKnownFileType = wrapper.framework; name = AudioToolbox.framework; path = System/Library/Frameworks/AudioToolbox.framework; sourceTree = SDKROOT; };
		CF9CB17A1BCCD0AA00C917A9 /* AudioUnit.framework */ = {isa = PBXFileReference; lastKnownFileType = wrapper.framework; name = AudioUnit.framework; path = System/Library/Frameworks/AudioUnit.framework; sourceTree = SDKROOT; };
		CF9CB17D1BCCD10900C917A9 /* Foundation.framework */ = {isa = PBXFileReference; lastKnownFileType = wrapper.framework; name = Foundation.framework; path = System/Library/Frameworks/Foundation.framework; sourceTree = SDKROOT; };
		CF9CB17F1BCCD11200C917A9 /* CFNetwork.framework */ = {isa = PBXFileReference; lastKnownFileType = wrapper.framework; name = CFNetwork.framework; path = System/Library/Frameworks/CFNetwork.framework; sourceTree = SDKROOT; };
		CF9CB1811BCCD12A00C917A9 /* Security.framework */ = {isa = PBXFileReference; lastKnownFileType = wrapper.framework; name = Security.framework; path = System/Library/Frameworks/Security.framework; sourceTree = SDKROOT; };
		CF9CB1831BCCD18600C917A9 /* CoreGraphics.framework */ = {isa = PBXFileReference; lastKnownFileType = wrapper.framework; name = CoreGraphics.framework; path = System/Library/Frameworks/CoreGraphics.framework; sourceTree = SDKROOT; };
		CF9CB1841BCCD18600C917A9 /* CoreLocation.framework */ = {isa = PBXFileReference; lastKnownFileType = wrapper.framework; name = CoreLocation.framework; path = System/Library/Frameworks/CoreLocation.framework; sourceTree = SDKROOT; };
		CF9CB1851BCCD18600C917A9 /* libz.1.1.3.dylib */ = {isa = PBXFileReference; lastKnownFileType = "compiled.mach-o.dylib"; name = libz.1.1.3.dylib; path = usr/lib/libz.1.1.3.dylib; sourceTree = SDKROOT; };
		CF9CB1861BCCD18700C917A9 /* MobileCoreServices.framework */ = {isa = PBXFileReference; lastKnownFileType = wrapper.framework; name = MobileCoreServices.framework; path = System/Library/Frameworks/MobileCoreServices.framework; sourceTree = SDKROOT; };
		CF9CB1871BCCD18700C917A9 /* QuartzCore.framework */ = {isa = PBXFileReference; lastKnownFileType = wrapper.framework; name = QuartzCore.framework; path = System/Library/Frameworks/QuartzCore.framework; sourceTree = SDKROOT; };
		CF9CB1881BCCD18700C917A9 /* StoreKit.framework */ = {isa = PBXFileReference; lastKnownFileType = wrapper.framework; name = StoreKit.framework; path = System/Library/Frameworks/StoreKit.framework; sourceTree = SDKROOT; };
		CF9CB1891BCCD18700C917A9 /* SystemConfiguration.framework */ = {isa = PBXFileReference; lastKnownFileType = wrapper.framework; name = SystemConfiguration.framework; path = System/Library/Frameworks/SystemConfiguration.framework; sourceTree = SDKROOT; };
/* End PBXFileReference section */

/* Begin PBXFrameworksBuildPhase section */
		A9D1F2991BCAECF40041E646 /* Frameworks */ = {
			isa = PBXFrameworksBuildPhase;
			buildActionMask = 2147483647;
			files = (
				CF9CB18A1BCCD18700C917A9 /* CoreGraphics.framework in Frameworks */,
				CF9CB18B1BCCD18700C917A9 /* CoreLocation.framework in Frameworks */,
				CF9CB18C1BCCD18700C917A9 /* libz.1.1.3.dylib in Frameworks */,
				CF9CB18D1BCCD18700C917A9 /* MobileCoreServices.framework in Frameworks */,
				CF9CB18E1BCCD18700C917A9 /* QuartzCore.framework in Frameworks */,
				CF9CB18F1BCCD18700C917A9 /* StoreKit.framework in Frameworks */,
				CF9CB1901BCCD18700C917A9 /* SystemConfiguration.framework in Frameworks */,
				CF9CB1821BCCD12A00C917A9 /* Security.framework in Frameworks */,
				CF9CB1801BCCD11200C917A9 /* CFNetwork.framework in Frameworks */,
				CF9CB17E1BCCD10900C917A9 /* Foundation.framework in Frameworks */,
				CF9CB17B1BCCD0AA00C917A9 /* AudioToolbox.framework in Frameworks */,
				CF9CB1781BCCD09500C917A9 /* libsqlite3.dylib in Frameworks */,
				CF9CB1731BCCC9D800C917A9 /* Parse.framework in Frameworks */,
				CF9CB1721BCCC9D800C917A9 /* Bolts.framework in Frameworks */,
			);
			runOnlyForDeploymentPostprocessing = 0;
		};
		CF9CB1601BCCC50D00C917A9 /* Frameworks */ = {
			isa = PBXFrameworksBuildPhase;
			buildActionMask = 2147483647;
			files = (
			);
			runOnlyForDeploymentPostprocessing = 0;
		};
/* End PBXFrameworksBuildPhase section */

/* Begin PBXGroup section */
		A9D1F2931BCAECF40041E646 = {
			isa = PBXGroup;
			children = (
				A9D1F2D51BCCEA1D0041E646 /* BorrowPage.swift */,
				A9D1F29E1BCAECF40041E646 /* Oinoi */,
				A9D1F2B31BCAECF40041E646 /* OinoiTests */,
				A9D1F2BE1BCAECF40041E646 /* OinoiUITests */,
				CF9CB1641BCCC50D00C917A9 /* Oinoi Tests */,
				A9D1F29D1BCAECF40041E646 /* Products */,
				CF9CB1761BCCC9E200C917A9 /* Frameworks */,
			);
			sourceTree = "<group>";
		};
		A9D1F29D1BCAECF40041E646 /* Products */ = {
			isa = PBXGroup;
			children = (
				A9D1F29C1BCAECF40041E646 /* Oinoi.app */,
				CF9CB1631BCCC50D00C917A9 /* Oinoi Tests.xctest */,
			);
			name = Products;
			sourceTree = "<group>";
		};
		A9D1F29E1BCAECF40041E646 /* Oinoi */ = {
			isa = PBXGroup;
			children = (
				A9D1F29F1BCAECF40041E646 /* AppDelegate.swift */,
				A9D1F2A11BCAECF40041E646 /* ViewController.swift */,
				A9D1F2A31BCAECF40041E646 /* Main.storyboard */,
				A9D1F2D91BCCEBD20041E646 /* Summary.swift */,
				A9D1F2D71BCCEAF00041E646 /* LendPage.swift */,
				A9D1F2D31BCCE8010041E646 /* Login.swift */,
				A9D1F2D11BCCE7470041E646 /* Register.swift */,
				A9D1F2A61BCAECF40041E646 /* Assets.xcassets */,
				A9D1F2AB1BCAECF40041E646 /* Info.plist */,
			);
			path = Oinoi;
			sourceTree = "<group>";
		};
		A9D1F2B31BCAECF40041E646 /* OinoiTests */ = {
			isa = PBXGroup;
			children = (
				A9D1F2B41BCAECF40041E646 /* OinoiTests.swift */,
				A9D1F2B61BCAECF40041E646 /* Info.plist */,
			);
			path = OinoiTests;
			sourceTree = "<group>";
		};
		A9D1F2BE1BCAECF40041E646 /* OinoiUITests */ = {
			isa = PBXGroup;
			children = (
				A9D1F2BF1BCAECF40041E646 /* OinoiUITests.swift */,
				A9D1F2C11BCAECF40041E646 /* Info.plist */,
			);
			path = OinoiUITests;
			sourceTree = "<group>";
		};
		CF9CB1641BCCC50D00C917A9 /* Oinoi Tests */ = {
			isa = PBXGroup;
			children = (
				CF9CB1671BCCC50D00C917A9 /* Oinoi_Tests.swift */,
				CF9CB1651BCCC50D00C917A9 /* Supporting Files */,
			);
			path = "Oinoi Tests";
			sourceTree = "<group>";
		};
		CF9CB1651BCCC50D00C917A9 /* Supporting Files */ = {
			isa = PBXGroup;
			children = (
				CF9CB1661BCCC50D00C917A9 /* Info.plist */,
			);
			name = "Supporting Files";
			sourceTree = "<group>";
		};
		CF9CB1761BCCC9E200C917A9 /* Frameworks */ = {
			isa = PBXGroup;
			children = (
				CF9CB1831BCCD18600C917A9 /* CoreGraphics.framework */,
				CF9CB1841BCCD18600C917A9 /* CoreLocation.framework */,
				CF9CB1851BCCD18600C917A9 /* libz.1.1.3.dylib */,
				CF9CB1861BCCD18700C917A9 /* MobileCoreServices.framework */,
				CF9CB1871BCCD18700C917A9 /* QuartzCore.framework */,
				CF9CB1881BCCD18700C917A9 /* StoreKit.framework */,
				CF9CB1891BCCD18700C917A9 /* SystemConfiguration.framework */,
				CF9CB1811BCCD12A00C917A9 /* Security.framework */,
				CF9CB17F1BCCD11200C917A9 /* CFNetwork.framework */,
				CF9CB17D1BCCD10900C917A9 /* Foundation.framework */,
				CF9CB1791BCCD0AA00C917A9 /* AudioToolbox.framework */,
				CF9CB17A1BCCD0AA00C917A9 /* AudioUnit.framework */,
				CF9CB1771BCCD09500C917A9 /* libsqlite3.dylib */,
				CF9CB16F1BCCC9D800C917A9 /* Parse.framework */,
				CF9CB16E1BCCC9D800C917A9 /* Bolts.framework */,
			);
			name = Frameworks;
			sourceTree = "<group>";
		};
/* End PBXGroup section */

/* Begin PBXNativeTarget section */
		A9D1F29B1BCAECF40041E646 /* Oinoi */ = {
			isa = PBXNativeTarget;
			buildConfigurationList = A9D1F2C41BCAECF40041E646 /* Build configuration list for PBXNativeTarget "Oinoi" */;
			buildPhases = (
				A9D1F2981BCAECF40041E646 /* Sources */,
				A9D1F2991BCAECF40041E646 /* Frameworks */,
				A9D1F29A1BCAECF40041E646 /* Resources */,
			);
			buildRules = (
			);
			dependencies = (
			);
			name = Oinoi;
			productName = Oinoi;
			productReference = A9D1F29C1BCAECF40041E646 /* Oinoi.app */;
			productType = "com.apple.product-type.application";
		};
		CF9CB1621BCCC50D00C917A9 /* Oinoi Tests */ = {
			isa = PBXNativeTarget;
			buildConfigurationList = CF9CB16D1BCCC50D00C917A9 /* Build configuration list for PBXNativeTarget "Oinoi Tests" */;
			buildPhases = (
				CF9CB15F1BCCC50D00C917A9 /* Sources */,
				CF9CB1601BCCC50D00C917A9 /* Frameworks */,
				CF9CB1611BCCC50D00C917A9 /* Resources */,
			);
			buildRules = (
			);
			dependencies = (
				CF9CB16A1BCCC50D00C917A9 /* PBXTargetDependency */,
			);
			name = "Oinoi Tests";
			productName = "Oinoi Tests";
			productReference = CF9CB1631BCCC50D00C917A9 /* Oinoi Tests.xctest */;
			productType = "com.apple.product-type.bundle.unit-test";
		};
/* End PBXNativeTarget section */

/* Begin PBXProject section */
		A9D1F2941BCAECF40041E646 /* Project object */ = {
			isa = PBXProject;
			attributes = {
				LastUpgradeCheck = 0700;
				ORGANIZATIONNAME = Bill;
				TargetAttributes = {
					A9D1F29B1BCAECF40041E646 = {
						CreatedOnToolsVersion = 7.0;
					};
					CF9CB1621BCCC50D00C917A9 = {
						CreatedOnToolsVersion = 6.3;
						TestTargetID = A9D1F29B1BCAECF40041E646;
					};
				};
			};
			buildConfigurationList = A9D1F2971BCAECF40041E646 /* Build configuration list for PBXProject "Oinoi" */;
			compatibilityVersion = "Xcode 3.2";
			developmentRegion = English;
			hasScannedForEncodings = 0;
			knownRegions = (
				en,
				Base,
			);
			mainGroup = A9D1F2931BCAECF40041E646;
			productRefGroup = A9D1F29D1BCAECF40041E646 /* Products */;
			projectDirPath = "";
			projectRoot = "";
			targets = (
				A9D1F29B1BCAECF40041E646 /* Oinoi */,
				CF9CB1621BCCC50D00C917A9 /* Oinoi Tests */,
			);
		};
/* End PBXProject section */

/* Begin PBXResourcesBuildPhase section */
		A9D1F29A1BCAECF40041E646 /* Resources */ = {
			isa = PBXResourcesBuildPhase;
			buildActionMask = 2147483647;
			files = (
				A9D1F2A71BCAECF40041E646 /* Assets.xcassets in Resources */,
				A9D1F2A51BCAECF40041E646 /* Main.storyboard in Resources */,
			);
			runOnlyForDeploymentPostprocessing = 0;
		};
		CF9CB1611BCCC50D00C917A9 /* Resources */ = {
			isa = PBXResourcesBuildPhase;
			buildActionMask = 2147483647;
			files = (
			);
			runOnlyForDeploymentPostprocessing = 0;
		};
/* End PBXResourcesBuildPhase section */

/* Begin PBXSourcesBuildPhase section */
		A9D1F2981BCAECF40041E646 /* Sources */ = {
			isa = PBXSourcesBuildPhase;
			buildActionMask = 2147483647;
			files = (
				A9D1F2D61BCCEA1D0041E646 /* BorrowPage.swift in Sources */,
				A9D1F2D21BCCE7470041E646 /* Register.swift in Sources */,
				A9D1F2A21BCAECF40041E646 /* ViewController.swift in Sources */,
				A9D1F2A01BCAECF40041E646 /* AppDelegate.swift in Sources */,
				A9D1F2D41BCCE8010041E646 /* Login.swift in Sources */,
				A9D1F2D81BCCEAF00041E646 /* LendPage.swift in Sources */,
				A9D1F2DA1BCCEBD20041E646 /* Summary.swift in Sources */,
			);
			runOnlyForDeploymentPostprocessing = 0;
		};
		CF9CB15F1BCCC50D00C917A9 /* Sources */ = {
			isa = PBXSourcesBuildPhase;
			buildActionMask = 2147483647;
			files = (
				CF9CB1681BCCC50D00C917A9 /* Oinoi_Tests.swift in Sources */,
			);
			runOnlyForDeploymentPostprocessing = 0;
		};
/* End PBXSourcesBuildPhase section */

/* Begin PBXTargetDependency section */
		CF9CB16A1BCCC50D00C917A9 /* PBXTargetDependency */ = {
			isa = PBXTargetDependency;
			target = A9D1F29B1BCAECF40041E646 /* Oinoi */;
			targetProxy = CF9CB1691BCCC50D00C917A9 /* PBXContainerItemProxy */;
		};
/* End PBXTargetDependency section */

/* Begin PBXVariantGroup section */
		A9D1F2A31BCAECF40041E646 /* Main.storyboard */ = {
			isa = PBXVariantGroup;
			children = (
				A9D1F2A41BCAECF40041E646 /* Base */,
			);
			name = Main.storyboard;
			sourceTree = "<group>";
		};
/* End PBXVariantGroup section */

/* Begin XCBuildConfiguration section */
		A9D1F2C21BCAECF40041E646 /* Debug */ = {
			isa = XCBuildConfiguration;
			buildSettings = {
				ALWAYS_SEARCH_USER_PATHS = NO;
				CLANG_CXX_LANGUAGE_STANDARD = "gnu++0x";
				CLANG_CXX_LIBRARY = "libc++";
				CLANG_ENABLE_MODULES = YES;
				CLANG_ENABLE_OBJC_ARC = YES;
				CLANG_WARN_BOOL_CONVERSION = YES;
				CLANG_WARN_CONSTANT_CONVERSION = YES;
				CLANG_WARN_DIRECT_OBJC_ISA_USAGE = YES_ERROR;
				CLANG_WARN_EMPTY_BODY = YES;
				CLANG_WARN_ENUM_CONVERSION = YES;
				CLANG_WARN_INT_CONVERSION = YES;
				CLANG_WARN_OBJC_ROOT_CLASS = YES_ERROR;
				CLANG_WARN_UNREACHABLE_CODE = YES;
				CLANG_WARN__DUPLICATE_METHOD_MATCH = YES;
				"CODE_SIGN_IDENTITY[sdk=iphoneos*]" = "iPhone Developer";
				COPY_PHASE_STRIP = NO;
				DEBUG_INFORMATION_FORMAT = dwarf;
				ENABLE_STRICT_OBJC_MSGSEND = YES;
				ENABLE_TESTABILITY = YES;
				GCC_C_LANGUAGE_STANDARD = gnu99;
				GCC_DYNAMIC_NO_PIC = NO;
				GCC_NO_COMMON_BLOCKS = YES;
				GCC_OPTIMIZATION_LEVEL = 0;
				GCC_PREPROCESSOR_DEFINITIONS = (
					"DEBUG=1",
					"$(inherited)",
				);
				GCC_WARN_64_TO_32_BIT_CONVERSION = YES;
				GCC_WARN_ABOUT_RETURN_TYPE = YES_ERROR;
				GCC_WARN_UNDECLARED_SELECTOR = YES;
				GCC_WARN_UNINITIALIZED_AUTOS = YES_AGGRESSIVE;
				GCC_WARN_UNUSED_FUNCTION = YES;
				GCC_WARN_UNUSED_VARIABLE = YES;
				IPHONEOS_DEPLOYMENT_TARGET = 8.0;
				MTL_ENABLE_DEBUG_INFO = YES;
				ONLY_ACTIVE_ARCH = YES;
				SDKROOT = iphoneos;
				SWIFT_OPTIMIZATION_LEVEL = "-Onone";
				TARGETED_DEVICE_FAMILY = "1,2";
			};
			name = Debug;
		};
		A9D1F2C31BCAECF40041E646 /* Release */ = {
			isa = XCBuildConfiguration;
			buildSettings = {
				ALWAYS_SEARCH_USER_PATHS = NO;
				CLANG_CXX_LANGUAGE_STANDARD = "gnu++0x";
				CLANG_CXX_LIBRARY = "libc++";
				CLANG_ENABLE_MODULES = YES;
				CLANG_ENABLE_OBJC_ARC = YES;
				CLANG_WARN_BOOL_CONVERSION = YES;
				CLANG_WARN_CONSTANT_CONVERSION = YES;
				CLANG_WARN_DIRECT_OBJC_ISA_USAGE = YES_ERROR;
				CLANG_WARN_EMPTY_BODY = YES;
				CLANG_WARN_ENUM_CONVERSION = YES;
				CLANG_WARN_INT_CONVERSION = YES;
				CLANG_WARN_OBJC_ROOT_CLASS = YES_ERROR;
				CLANG_WARN_UNREACHABLE_CODE = YES;
				CLANG_WARN__DUPLICATE_METHOD_MATCH = YES;
				"CODE_SIGN_IDENTITY[sdk=iphoneos*]" = "iPhone Developer";
				COPY_PHASE_STRIP = NO;
				DEBUG_INFORMATION_FORMAT = "dwarf-with-dsym";
				ENABLE_NS_ASSERTIONS = NO;
				ENABLE_STRICT_OBJC_MSGSEND = YES;
				GCC_C_LANGUAGE_STANDARD = gnu99;
				GCC_NO_COMMON_BLOCKS = YES;
				GCC_WARN_64_TO_32_BIT_CONVERSION = YES;
				GCC_WARN_ABOUT_RETURN_TYPE = YES_ERROR;
				GCC_WARN_UNDECLARED_SELECTOR = YES;
				GCC_WARN_UNINITIALIZED_AUTOS = YES_AGGRESSIVE;
				GCC_WARN_UNUSED_FUNCTION = YES;
				GCC_WARN_UNUSED_VARIABLE = YES;
				IPHONEOS_DEPLOYMENT_TARGET = 8.0;
				MTL_ENABLE_DEBUG_INFO = NO;
				SDKROOT = iphoneos;
				TARGETED_DEVICE_FAMILY = "1,2";
				VALIDATE_PRODUCT = YES;
			};
			name = Release;
		};
		A9D1F2C51BCAECF40041E646 /* Debug */ = {
			isa = XCBuildConfiguration;
			buildSettings = {
				ASSETCATALOG_COMPILER_APPICON_NAME = AppIcon;
				FRAMEWORK_SEARCH_PATHS = (
					"$(inherited)",
					"$(PROJECT_DIR)",
				);
				INFOPLIST_FILE = Oinoi/Info.plist;
				IPHONEOS_DEPLOYMENT_TARGET = 8.3;
				LD_RUNPATH_SEARCH_PATHS = "$(inherited) @executable_path/Frameworks";
				OTHER_LDFLAGS = "";
				PRODUCT_BUNDLE_IDENTIFIER = com.Oinoi;
				PRODUCT_NAME = "$(TARGET_NAME)";
				TARGETED_DEVICE_FAMILY = "1,2";
			};
			name = Debug;
		};
		A9D1F2C61BCAECF40041E646 /* Release */ = {
			isa = XCBuildConfiguration;
			buildSettings = {
				ASSETCATALOG_COMPILER_APPICON_NAME = AppIcon;
				FRAMEWORK_SEARCH_PATHS = (
					"$(inherited)",
					"$(PROJECT_DIR)",
				);
				INFOPLIST_FILE = Oinoi/Info.plist;
				IPHONEOS_DEPLOYMENT_TARGET = 8.3;
				LD_RUNPATH_SEARCH_PATHS = "$(inherited) @executable_path/Frameworks";
				OTHER_LDFLAGS = "";
				PRODUCT_BUNDLE_IDENTIFIER = com.Oinoi;
				PRODUCT_NAME = "$(TARGET_NAME)";
				TARGETED_DEVICE_FAMILY = "1,2";
			};
			name = Release;
		};
		CF9CB16B1BCCC50D00C917A9 /* Debug */ = {
			isa = XCBuildConfiguration;
			buildSettings = {
				BUNDLE_LOADER = "$(TEST_HOST)";
				DEBUG_INFORMATION_FORMAT = "dwarf-with-dsym";
				FRAMEWORK_SEARCH_PATHS = (
					"$(SDKROOT)/Developer/Library/Frameworks",
					"$(inherited)",
				);
				GCC_PREPROCESSOR_DEFINITIONS = (
					"DEBUG=1",
					"$(inherited)",
				);
				GCC_SYMBOLS_PRIVATE_EXTERN = NO;
				INFOPLIST_FILE = "Oinoi Tests/Info.plist";
				IPHONEOS_DEPLOYMENT_TARGET = 8.3;
				LD_RUNPATH_SEARCH_PATHS = "$(inherited) @executable_path/Frameworks @loader_path/Frameworks";
				PRODUCT_NAME = "$(TARGET_NAME)";
				TEST_HOST = "$(BUILT_PRODUCTS_DIR)/Oinoi.app/Oinoi";
			};
			name = Debug;
		};
		CF9CB16C1BCCC50D00C917A9 /* Release */ = {
			isa = XCBuildConfiguration;
			buildSettings = {
				BUNDLE_LOADER = "$(TEST_HOST)";
				FRAMEWORK_SEARCH_PATHS = (
					"$(SDKROOT)/Developer/Library/Frameworks",
					"$(inherited)",
				);
				INFOPLIST_FILE = "Oinoi Tests/Info.plist";
				IPHONEOS_DEPLOYMENT_TARGET = 8.3;
				LD_RUNPATH_SEARCH_PATHS = "$(inherited) @executable_path/Frameworks @loader_path/Frameworks";
				PRODUCT_NAME = "$(TARGET_NAME)";
				TEST_HOST = "$(BUILT_PRODUCTS_DIR)/Oinoi.app/Oinoi";
			};
			name = Release;
		};
/* End XCBuildConfiguration section */

/* Begin XCConfigurationList section */
		A9D1F2971BCAECF40041E646 /* Build configuration list for PBXProject "Oinoi" */ = {
			isa = XCConfigurationList;
			buildConfigurations = (
				A9D1F2C21BCAECF40041E646 /* Debug */,
				A9D1F2C31BCAECF40041E646 /* Release */,
			);
			defaultConfigurationIsVisible = 0;
			defaultConfigurationName = Release;
		};
		A9D1F2C41BCAECF40041E646 /* Build configuration list for PBXNativeTarget "Oinoi" */ = {
			isa = XCConfigurationList;
			buildConfigurations = (
				A9D1F2C51BCAECF40041E646 /* Debug */,
				A9D1F2C61BCAECF40041E646 /* Release */,
			);
			defaultConfigurationIsVisible = 0;
			defaultConfigurationName = Release;
		};
		CF9CB16D1BCCC50D00C917A9 /* Build configuration list for PBXNativeTarget "Oinoi Tests" */ = {
			isa = XCConfigurationList;
			buildConfigurations = (
				CF9CB16B1BCCC50D00C917A9 /* Debug */,
				CF9CB16C1BCCC50D00C917A9 /* Release */,
			);
			defaultConfigurationIsVisible = 0;
			defaultConfigurationName = Release;
		};
/* End XCConfigurationList section */
	};
	rootObject = A9D1F2941BCAECF40041E646 /* Project object */;
}
